
Microsoft Visual Studio Solution File, Format Version 12.00
# Visual Studio Version 17
VisualStudioVersion = 17.4.33801.306
MinimumVisualStudioVersion = 10.0.40219.1
Project("{FAE04EC0-301F-11D3-BF4B-00C04F79EFBC}") = "AzureHostedWebApp1", "AzureHostedWebApp1\AzureHostedWebApp1.csproj", "{3AC6FA8F-E7BD-4130-9778-855FCDEC859D}"
EndProject
Project("{FAE04EC0-301F-11D3-BF4B-00C04F79EFBC}") = "webappwithsqldb", "webappwithsqldb\webappwithsqldb.csproj", "{8BD703A3-518C-4666-8D7C-50085D66D7BC}"
EndProject
Global
	GlobalSection(SolutionConfigurationPlatforms) = preSolution
		Debug|Any CPU = Debug|Any CPU
		Release|Any CPU = Release|Any CPU
	EndGlobalSection
	GlobalSection(ProjectConfigurationPlatforms) = postSolution
		{3AC6FA8F-E7BD-4130-9778-855FCDEC859D}.Debug|Any CPU.ActiveCfg = Debug|Any CPU
		{3AC6FA8F-E7BD-4130-9778-855FCDEC859D}.Debug|Any CPU.Build.0 = Debug|Any CPU
		{3AC6FA8F-E7BD-4130-9778-855FCDEC859D}.Release|Any CPU.ActiveCfg = Release|Any CPU
		{3AC6FA8F-E7BD-4130-9778-855FCDEC859D}.Release|Any CPU.Build.0 = Release|Any CPU
		{8BD703A3-518C-4666-8D7C-50085D66D7BC}.Debug|Any CPU.ActiveCfg = Debug|Any CPU
		{8BD703A3-518C-4666-8D7C-50085D66D7BC}.Debug|Any CPU.Build.0 = Debug|Any CPU
		{8BD703A3-518C-4666-8D7C-50085D66D7BC}.Release|Any CPU.ActiveCfg = Release|Any CPU
		{8BD703A3-518C-4666-8D7C-50085D66D7BC}.Release|Any CPU.Build.0 = Release|Any CPU
	EndGlobalSection
	GlobalSection(SolutionProperties) = preSolution
		HideSolutionNode = FALSE
	EndGlobalSection
	GlobalSection(ExtensibilityGlobals) = postSolution
		SolutionGuid = {C9E79B0B-6250-4D1E-A0A0-D0DBCA4B0BA0}
	EndGlobalSection
EndGlobal
